
Microsoft Visual Studio Solution File, Format Version 12.00
# Visual Studio Version 17
VisualStudioVersion = 17.5.002.0
MinimumVisualStudioVersion = 10.0.40219.1
Project("{9A19103F-16F7-4668-BE54-9A1E7A4F7556}") = "entregable-04", "entregable-04.csproj", "{BD3A47A4-9E2E-47F8-B0B3-719CB075608B}"
EndProject
Global
	GlobalSection(SolutionConfigurationPlatforms) = preSolution
		Debug|Any CPU = Debug|Any CPU
		Release|Any CPU = Release|Any CPU
	EndGlobalSection
	GlobalSection(ProjectConfigurationPlatforms) = postSolution
		{BD3A47A4-9E2E-47F8-B0B3-719CB075608B}.Debug|Any CPU.ActiveCfg = Debug|Any CPU
		{BD3A47A4-9E2E-47F8-B0B3-719CB075608B}.Debug|Any CPU.Build.0 = Debug|Any CPU
		{BD3A47A4-9E2E-47F8-B0B3-719CB075608B}.Release|Any CPU.ActiveCfg = Release|Any CPU
		{BD3A47A4-9E2E-47F8-B0B3-719CB075608B}.Release|Any CPU.Build.0 = Release|Any CPU
	EndGlobalSection
	GlobalSection(SolutionProperties) = preSolution
		HideSolutionNode = FALSE
	EndGlobalSection
	GlobalSection(ExtensibilityGlobals) = postSolution
		SolutionGuid = {3474E7D9-F96D-4B99-B163-1AA2CBA577DE}
	EndGlobalSection
EndGlobal
